{
  "name": "yuki-bot",
  "version": "1.0.0",
  "lockfileVersion": 1,
  "requires": true,
  "dependencies": {
    "@discordjs/uws": {
      "version": "10.149.0",
      "resolved": "https://registry.npmjs.org/@discordjs/uws/-/uws-10.149.0.tgz",
      "integrity": "sha512-N1wjoAD2DOgzevqzyTOWTgyO2divX03JWNQx4JHm/jQ/BRzZNkhwVRO3RC5Guww+srdgs4Tw4gwrzlJrlOhq/Q=="
    },
    "async-limiter": {
      "version": "1.0.1",
      "resolved": "https://registry.npmjs.org/async-limiter/-/async-limiter-1.0.1.tgz",
      "integrity": "sha512-csOlWGAcRFJaI6m+F2WKdnMKr4HhdhFVBk0H/QbJFMCr+uO2kwohwXQPxw/9OCxp05r5ghVBFSyioixx3gfkNQ=="
    },
    "bufferutil": {
      "version": "4.0.1",
      "resolved": "https://registry.npmjs.org/bufferutil/-/bufferutil-4.0.1.tgz",
      "integrity": "sha512-xowrxvpxojqkagPcWRQVXZl0YXhRhAtBEIq3VoER1NH5Mw1n1o0ojdspp+GS2J//2gCVyrzQDApQ4unGF+QOoA==",
      "requires": {
        "node-gyp-build": "~3.7.0"
      }
    },
    "discord.js": {
      "version": "11.5.1",
      "resolved": "https://registry.npmjs.org/discord.js/-/discord.js-11.5.1.tgz",
      "integrity": "sha512-tGhV5xaZXE3Z+4uXJb3hYM6gQ1NmnSxp9PClcsSAYFVRzH6AJH74040mO3afPDMWEAlj8XsoPXXTJHTxesqcGw==",
      "requires": {
        "long": "^4.0.0",
        "prism-media": "^0.0.3",
        "snekfetch": "^3.6.4",
        "tweetnacl": "^1.0.0",
        "ws": "^6.0.0"
      }
    },
    "html-entities": {
      "version": "1.2.1",
      "resolved": "https://registry.npmjs.org/html-entities/-/html-entities-1.2.1.tgz",
      "integrity": "sha1-DfKTUfByEWNRXfueVUPl9u7VFi8="
    },
    "long": {
      "version": "4.0.0",
      "resolved": "https://registry.npmjs.org/long/-/long-4.0.0.tgz",
      "integrity": "sha512-XsP+KhQif4bjX1kbuSiySJFNAehNxgLb6hPRGJ9QsUr8ajHkuXGdrHmFUTUUXhDwVX2R5bY4JNZEwbUiMhV+MA=="
    },
    "m3u8stream": {
      "version": "0.6.5",
      "resolved": "https://registry.npmjs.org/m3u8stream/-/m3u8stream-0.6.5.tgz",
      "integrity": "sha512-QZCzhcfUliZfsOboi68QkNcMejPKTEhxE+s1TApvHubDeR8ythm4ViWuYFqgUwZeoHe8q0nsPxOvA3lQvdSzyg==",
      "requires": {
        "miniget": "^1.6.1",
        "sax": "^1.2.4"
      }
    },
    "miniget": {
      "version": "1.6.1",
      "resolved": "https://registry.npmjs.org/miniget/-/miniget-1.6.1.tgz",
      "integrity": "sha512-I5oBwZmcaOuJrjQn7lpS29HM+aAZDbzKbX5ouxVyhFYdg6fA6YKOTwOCgzZQwlHuMek3FlCxz6eNrd4pOXbwOA=="
    },
    "node-gyp-build": {
      "version": "3.7.0",
      "resolved": "https://registry.npmjs.org/node-gyp-build/-/node-gyp-build-3.7.0.tgz",
      "integrity": "sha512-L/Eg02Epx6Si2NXmedx+Okg+4UHqmaf3TNcxd50SF9NQGcJaON3AtU++kax69XV7YWz4tUspqZSAsVofhFKG2w=="
    },
    "prism-media": {
      "version": "0.0.3",
      "resolved": "https://registry.npmjs.org/prism-media/-/prism-media-0.0.3.tgz",
      "integrity": "sha512-c9KkNifSMU/iXT8FFTaBwBMr+rdVcN+H/uNv1o+CuFeTThNZNTOrQ+RgXA1yL/DeLk098duAeRPP3QNPNbhxYQ=="
    },
    "sax": {
      "version": "1.2.4",
      "resolved": "https://registry.npmjs.org/sax/-/sax-1.2.4.tgz",
      "integrity": "sha512-NqVDv9TpANUjFm0N8uM5GxL36UgKi9/atZw+x7YFnQ8ckwFGKrl4xX4yWtrey3UJm5nP1kUbnYgLopqWNSRhWw=="
    },
    "snekfetch": {
      "version": "3.6.4",
      "resolved": "https://registry.npmjs.org/snekfetch/-/snekfetch-3.6.4.tgz",
      "integrity": "sha512-NjxjITIj04Ffqid5lqr7XdgwM7X61c/Dns073Ly170bPQHLm6jkmelye/eglS++1nfTWktpP6Y2bFXjdPlQqdw=="
    },
    "tweetnacl": {
      "version": "1.0.3",
      "resolved": "https://registry.npmjs.org/tweetnacl/-/tweetnacl-1.0.3.tgz",
      "integrity": "sha512-6rt+RN7aOi1nGMyC4Xa5DdYiukl2UWCbcJft7YhxReBGQD7OAM8Pbxw6YMo4r2diNEA8FEmu32YOn9rhaiE5yw=="
    },
    "ws": {
      "version": "6.2.1",
      "resolved": "https://registry.npmjs.org/ws/-/ws-6.2.1.tgz",
      "integrity": "sha512-GIyAXC2cB7LjvpgMt9EKS2ldqr0MTrORaleiOno6TweZ6r3TKtoFQWay/2PceJ3RuBasOHzXNn5Lrw1X0bEjqA==",
      "requires": {
        "async-limiter": "~1.0.0"
      }
    },
    "ytdl-core": {
      "version": "1.0.9",
      "resolved": "https://registry.npmjs.org/ytdl-core/-/ytdl-core-1.0.9.tgz",
      "integrity": "sha512-HhFeLfjXU34h0FNHmSkSpKygdaYijSt8VNsC770VYBRFb+dyUKcm11cIKxu2MUSwT9znISZ0k1wFdaV/N5VW+Q==",
      "requires": {
        "html-entities": "^1.1.3",
        "m3u8stream": "^0.6.3",
        "miniget": "^1.6.0",
        "sax": "^1.1.3"
      }
    }
  }
}
